
Microsoft Visual Studio Solution File, Format Version 12.00
# Visual Studio Version 17
VisualStudioVersion = 17.6.33829.357
MinimumVisualStudioVersion = 10.0.40219.1
Project("{FAE04EC0-301F-11D3-BF4B-00C04F79EFBC}") = "EthanBlog", "EthanBlog.csproj", "{F8077BA2-CB3F-4E21-B266-E56E4BB50A91}"
EndProject
Project("{FAE04EC0-301F-11D3-BF4B-00C04F79EFBC}") = "EthanBlog.Data", "..\EthanBlog.data\EthanBlog.Data.csproj", "{DAB4C782-2FE6-4107-BF0F-6F0BF75AD493}"
EndProject
Project("{FAE04EC0-301F-11D3-BF4B-00C04F79EFBC}") = "EthanBlog.Service", "..\EthanBlog.Service\EthanBlog.Service.csproj", "{FA0DD8FC-ED3C-4D9E-A8A5-2C582A930D81}"
EndProject
Global
	GlobalSection(SolutionConfigurationPlatforms) = preSolution
		Debug|Any CPU = Debug|Any CPU
		Release|Any CPU = Release|Any CPU
	EndGlobalSection
	GlobalSection(ProjectConfigurationPlatforms) = postSolution
		{F8077BA2-CB3F-4E21-B266-E56E4BB50A91}.Debug|Any CPU.ActiveCfg = Debug|Any CPU
		{F8077BA2-CB3F-4E21-B266-E56E4BB50A91}.Debug|Any CPU.Build.0 = Debug|Any CPU
		{F8077BA2-CB3F-4E21-B266-E56E4BB50A91}.Release|Any CPU.ActiveCfg = Release|Any CPU
		{F8077BA2-CB3F-4E21-B266-E56E4BB50A91}.Release|Any CPU.Build.0 = Release|Any CPU
		{DAB4C782-2FE6-4107-BF0F-6F0BF75AD493}.Debug|Any CPU.ActiveCfg = Debug|Any CPU
		{DAB4C782-2FE6-4107-BF0F-6F0BF75AD493}.Debug|Any CPU.Build.0 = Debug|Any CPU
		{DAB4C782-2FE6-4107-BF0F-6F0BF75AD493}.Release|Any CPU.ActiveCfg = Release|Any CPU
		{DAB4C782-2FE6-4107-BF0F-6F0BF75AD493}.Release|Any CPU.Build.0 = Release|Any CPU
		{FA0DD8FC-ED3C-4D9E-A8A5-2C582A930D81}.Debug|Any CPU.ActiveCfg = Debug|Any CPU
		{FA0DD8FC-ED3C-4D9E-A8A5-2C582A930D81}.Debug|Any CPU.Build.0 = Debug|Any CPU
		{FA0DD8FC-ED3C-4D9E-A8A5-2C582A930D81}.Release|Any CPU.ActiveCfg = Release|Any CPU
		{FA0DD8FC-ED3C-4D9E-A8A5-2C582A930D81}.Release|Any CPU.Build.0 = Release|Any CPU
	EndGlobalSection
	GlobalSection(SolutionProperties) = preSolution
		HideSolutionNode = FALSE
	EndGlobalSection
	GlobalSection(ExtensibilityGlobals) = postSolution
		SolutionGuid = {8A4BD880-102F-47D1-B0ED-201D7F20CE35}
	EndGlobalSection
EndGlobal
